// !$*UTF8*$!
{
	archiveVersion = 1;
	classes = {
	};
	objectVersion = 56;
	objects = {

/* Begin PBXBuildFile section */
		F1000001 /* HealthBridgeApp.swift in Sources */ = {isa = PBXBuildFile; fileRef = F2000001; };
		F1000002 /* ContentView.swift in Sources */ = {isa = PBXBuildFile; fileRef = F2000002; };
		F1000003 /* UserProfile.swift in Sources */ = {isa = PBXBuildFile; fileRef = F2000003; };
		F1000004 /* Clinic.swift in Sources */ = {isa = PBXBuildFile; fileRef = F2000004; };
		F1000005 /* Appointment.swift in Sources */ = {isa = PBXBuildFile; fileRef = F2000005; };
		F1000006 /* OnboardingContainerView.swift in Sources */ = {isa = PBXBuildFile; fileRef = F2000006; };
		F1000007 /* LanguageSelectionView.swift in Sources */ = {isa = PBXBuildFile; fileRef = F2000007; };
		F1000008 /* StatusSelectionView.swift in Sources */ = {isa = PBXBuildFile; fileRef = F2000008; };
		F1000009 /* HousingSelectionView.swift in Sources */ = {isa = PBXBuildFile; fileRef = F2000009; };
		F1000010 /* PersonalInfoView.swift in Sources */ = {isa = PBXBuildFile; fileRef = F2000010; };
		F1000011 /* HealthNeedsView.swift in Sources */ = {isa = PBXBuildFile; fileRef = F2000011; };
		F1000012 /* InsuranceView.swift in Sources */ = {isa = PBXBuildFile; fileRef = F2000012; };
		F1000013 /* LocationView.swift in Sources */ = {isa = PBXBuildFile; fileRef = F2000013; };
		F1000014 /* OnboardingCompleteView.swift in Sources */ = {isa = PBXBuildFile; fileRef = F2000014; };
		F1000015 /* MainTabView.swift in Sources */ = {isa = PBXBuildFile; fileRef = F2000015; };
		F1000016 /* DashboardView.swift in Sources */ = {isa = PBXBuildFile; fileRef = F2000016; };
		F1000017 /* ClinicFinderView.swift in Sources */ = {isa = PBXBuildFile; fileRef = F2000017; };
		F1000018 /* AppointmentsView.swift in Sources */ = {isa = PBXBuildFile; fileRef = F2000018; };
		F1000019 /* LearnView.swift in Sources */ = {isa = PBXBuildFile; fileRef = F2000019; };
/* End PBXBuildFile section */

/* Begin PBXFileReference section */
		F2000001 /* HealthBridgeApp.swift */ = {isa = PBXFileReference; lastKnownFileType = sourcecode.swift; path = HealthBridgeApp.swift; sourceTree = "<group>"; };
		F2000002 /* ContentView.swift */ = {isa = PBXFileReference; lastKnownFileType = sourcecode.swift; path = ContentView.swift; sourceTree = "<group>"; };
		F2000003 /* UserProfile.swift */ = {isa = PBXFileReference; lastKnownFileType = sourcecode.swift; path = UserProfile.swift; sourceTree = "<group>"; };
		F2000004 /* Clinic.swift */ = {isa = PBXFileReference; lastKnownFileType = sourcecode.swift; path = Clinic.swift; sourceTree = "<group>"; };
		F2000005 /* Appointment.swift */ = {isa = PBXFileReference; lastKnownFileType = sourcecode.swift; path = Appointment.swift; sourceTree = "<group>"; };
		F2000006 /* OnboardingContainerView.swift */ = {isa = PBXFileReference; lastKnownFileType = sourcecode.swift; path = OnboardingContainerView.swift; sourceTree = "<group>"; };
		F2000007 /* LanguageSelectionView.swift */ = {isa = PBXFileReference; lastKnownFileType = sourcecode.swift; path = LanguageSelectionView.swift; sourceTree = "<group>"; };
		F2000008 /* StatusSelectionView.swift */ = {isa = PBXFileReference; lastKnownFileType = sourcecode.swift; path = StatusSelectionView.swift; sourceTree = "<group>"; };
		F2000009 /* HousingSelectionView.swift */ = {isa = PBXFileReference; lastKnownFileType = sourcecode.swift; path = HousingSelectionView.swift; sourceTree = "<group>"; };
		F2000010 /* PersonalInfoView.swift */ = {isa = PBXFileReference; lastKnownFileType = sourcecode.swift; path = PersonalInfoView.swift; sourceTree = "<group>"; };
		F2000011 /* HealthNeedsView.swift */ = {isa = PBXFileReference; lastKnownFileType = sourcecode.swift; path = HealthNeedsView.swift; sourceTree = "<group>"; };
		F2000012 /* InsuranceView.swift */ = {isa = PBXFileReference; lastKnownFileType = sourcecode.swift; path = InsuranceView.swift; sourceTree = "<group>"; };
		F2000013 /* LocationView.swift */ = {isa = PBXFileReference; lastKnownFileType = sourcecode.swift; path = LocationView.swift; sourceTree = "<group>"; };
		F2000014 /* OnboardingCompleteView.swift */ = {isa = PBXFileReference; lastKnownFileType = sourcecode.swift; path = OnboardingCompleteView.swift; sourceTree = "<group>"; };
		F2000015 /* MainTabView.swift */ = {isa = PBXFileReference; lastKnownFileType = sourcecode.swift; path = MainTabView.swift; sourceTree = "<group>"; };
		F2000016 /* DashboardView.swift */ = {isa = PBXFileReference; lastKnownFileType = sourcecode.swift; path = DashboardView.swift; sourceTree = "<group>"; };
		F2000017 /* ClinicFinderView.swift */ = {isa = PBXFileReference; lastKnownFileType = sourcecode.swift; path = ClinicFinderView.swift; sourceTree = "<group>"; };
		F2000018 /* AppointmentsView.swift */ = {isa = PBXFileReference; lastKnownFileType = sourcecode.swift; path = AppointmentsView.swift; sourceTree = "<group>"; };
		F2000019 /* LearnView.swift */ = {isa = PBXFileReference; lastKnownFileType = sourcecode.swift; path = LearnView.swift; sourceTree = "<group>"; };
		F2000020 /* Info.plist */ = {isa = PBXFileReference; lastKnownFileType = text.plist.xml; path = Info.plist; sourceTree = "<group>"; };
		F3000001 /* HealthBridge.app */ = {isa = PBXFileReference; explicitFileType = wrapper.application; includeInIndex = 0; path = HealthBridge.app; sourceTree = BUILT_PRODUCTS_DIR; };
/* End PBXFileReference section */

/* Begin PBXFrameworksBuildPhase section */
		F4000001 /* Frameworks */ = {
			isa = PBXFrameworksBuildPhase;
			buildActionMask = 2147483647;
			files = (
			);
			runOnlyForDeploymentPostprocessing = 0;
		};
/* End PBXFrameworksBuildPhase section */

/* Begin PBXGroup section */
		F5000001 = {
			isa = PBXGroup;
			children = (
				F5000002 /* HealthBridge */,
				F5000010 /* Products */,
			);
			sourceTree = "<group>";
		};
		F5000002 /* HealthBridge */ = {
			isa = PBXGroup;
			children = (
				F2000001 /* HealthBridgeApp.swift */,
				F2000002 /* ContentView.swift */,
				F5000003 /* Models */,
				F5000004 /* Views */,
				F2000020 /* Info.plist */,
			);
			path = HealthBridge;
			sourceTree = "<group>";
		};
		F5000003 /* Models */ = {
			isa = PBXGroup;
			children = (
				F2000003 /* UserProfile.swift */,
				F2000004 /* Clinic.swift */,
				F2000005 /* Appointment.swift */,
			);
			path = Models;
			sourceTree = "<group>";
		};
		F5000004 /* Views */ = {
			isa = PBXGroup;
			children = (
				F5000005 /* Onboarding */,
				F5000006 /* Dashboard */,
				F5000007 /* Clinics */,
				F5000008 /* Appointments */,
				F5000009 /* Learn */,
			);
			path = Views;
			sourceTree = "<group>";
		};
		F5000005 /* Onboarding */ = {
			isa = PBXGroup;
			children = (
				F2000006 /* OnboardingContainerView.swift */,
				F2000007 /* LanguageSelectionView.swift */,
				F2000008 /* StatusSelectionView.swift */,
				F2000009 /* HousingSelectionView.swift */,
				F2000010 /* PersonalInfoView.swift */,
				F2000011 /* HealthNeedsView.swift */,
				F2000012 /* InsuranceView.swift */,
				F2000013 /* LocationView.swift */,
				F2000014 /* OnboardingCompleteView.swift */,
			);
			path = Onboarding;
			sourceTree = "<group>";
		};
		F5000006 /* Dashboard */ = {
			isa = PBXGroup;
			children = (
				F2000015 /* MainTabView.swift */,
				F2000016 /* DashboardView.swift */,
			);
			path = Dashboard;
			sourceTree = "<group>";
		};
		F5000007 /* Clinics */ = {
			isa = PBXGroup;
			children = (
				F2000017 /* ClinicFinderView.swift */,
			);
			path = Clinics;
			sourceTree = "<group>";
		};
		F5000008 /* Appointments */ = {
			isa = PBXGroup;
			children = (
				F2000018 /* AppointmentsView.swift */,
			);
			path = Appointments;
			sourceTree = "<group>";
		};
		F5000009 /* Learn */ = {
			isa = PBXGroup;
			children = (
				F2000019 /* LearnView.swift */,
			);
			path = Learn;
			sourceTree = "<group>";
		};
		F5000010 /* Products */ = {
			isa = PBXGroup;
			children = (
				F3000001 /* HealthBridge.app */,
			);
			name = Products;
			sourceTree = "<group>";
		};
/* End PBXGroup section */

/* Begin PBXNativeTarget section */
		F6000001 /* HealthBridge */ = {
			isa = PBXNativeTarget;
			buildConfigurationList = F8000001 /* Build configuration list for PBXNativeTarget "HealthBridge" */;
			buildPhases = (
				F7000001 /* Sources */,
				F4000001 /* Frameworks */,
			);
			buildRules = (
			);
			dependencies = (
			);
			name = HealthBridge;
			productName = HealthBridge;
			productReference = F3000001 /* HealthBridge.app */;
			productType = "com.apple.product-type.application";
		};
/* End PBXNativeTarget section */

/* Begin PBXProject section */
		F9000001 /* Project object */ = {
			isa = PBXProject;
			attributes = {
				BuildIndependentTargetsInParallel = 1;
				LastSwiftUpdateCheck = 1500;
				LastUpgradeCheck = 1500;
				TargetAttributes = {
					F6000001 = {
						CreatedOnToolsVersion = 15.0;
					};
				};
			};
			buildConfigurationList = FA000001 /* Build configuration list for PBXProject "HealthBridge" */;
			compatibilityVersion = "Xcode 14.0";
			developmentRegion = en;
			hasScannedForEncodings = 0;
			knownRegions = (
				en,
				Base,
				es,
				ar,
				fr,
				sw,
				uk,
				so,
				am,
			);
			mainGroup = F5000001;
			productRefGroup = F5000010 /* Products */;
			projectDirPath = "";
			projectRoot = "";
			targets = (
				F6000001 /* HealthBridge */,
			);
		};
/* End PBXProject section */

/* Begin PBXSourcesBuildPhase section */
		F7000001 /* Sources */ = {
			isa = PBXSourcesBuildPhase;
			buildActionMask = 2147483647;
			files = (
				F1000001 /* HealthBridgeApp.swift in Sources */,
				F1000002 /* ContentView.swift in Sources */,
				F1000003 /* UserProfile.swift in Sources */,
				F1000004 /* Clinic.swift in Sources */,
				F1000005 /* Appointment.swift in Sources */,
				F1000006 /* OnboardingContainerView.swift in Sources */,
				F1000007 /* LanguageSelectionView.swift in Sources */,
				F1000008 /* StatusSelectionView.swift in Sources */,
				F1000009 /* HousingSelectionView.swift in Sources */,
				F1000010 /* PersonalInfoView.swift in Sources */,
				F1000011 /* HealthNeedsView.swift in Sources */,
				F1000012 /* InsuranceView.swift in Sources */,
				F1000013 /* LocationView.swift in Sources */,
				F1000014 /* OnboardingCompleteView.swift in Sources */,
				F1000015 /* MainTabView.swift in Sources */,
				F1000016 /* DashboardView.swift in Sources */,
				F1000017 /* ClinicFinderView.swift in Sources */,
				F1000018 /* AppointmentsView.swift in Sources */,
				F1000019 /* LearnView.swift in Sources */,
			);
			runOnlyForDeploymentPostprocessing = 0;
		};
/* End PBXSourcesBuildPhase section */

/* Begin XCBuildConfiguration section */
		FB000001 /* Debug */ = {
			isa = XCBuildConfiguration;
			buildSettings = {
				ALWAYS_SEARCH_USER_PATHS = NO;
				ASSETCATALOG_COMPILER_GENERATE_SWIFT_ASSET_SYMBOL_EXTENSIONS = YES;
				CLANG_ANALYZER_NONNULL = YES;
				CLANG_ANALYZER_NUMBER_OBJECT_CONVERSION = YES_AGGRESSIVE;
				CLANG_CXX_LANGUAGE_STANDARD = "gnu++20";
				CLANG_ENABLE_MODULES = YES;
				CLANG_ENABLE_OBJC_ARC = YES;
				CLANG_ENABLE_OBJC_WEAK = YES;
				CLANG_WARN_BLOCK_CAPTURE_AUTORELEASING = YES;
				CLANG_WARN_BOOL_CONVERSION = YES;
				CLANG_WARN_COMMA = YES;
				CLANG_WARN_CONSTANT_CONVERSION = YES;
				CLANG_WARN_DEPRECATED_OBJC_IMPLEMENTATIONS = YES;
				CLANG_WARN_DIRECT_OBJC_ISA_USAGE = YES_ERROR;
				CLANG_WARN_DOCUMENTATION_COMMENTS = YES;
				CLANG_WARN_EMPTY_BODY = YES;
				CLANG_WARN_ENUM_CONVERSION = YES;
				CLANG_WARN_INFINITE_RECURSION = YES;
				CLANG_WARN_INT_CONVERSION = YES;
				CLANG_WARN_NON_LITERAL_NULL_CONVERSION = YES;
				CLANG_WARN_OBJC_IMPLICIT_RETAIN_SELF = YES;
				CLANG_WARN_OBJC_LITERAL_CONVERSION = YES;
				CLANG_WARN_OBJC_ROOT_CLASS = YES_ERROR;
				CLANG_WARN_QUOTED_INCLUDE_IN_FRAMEWORK_HEADER = YES;
				CLANG_WARN_RANGE_LOOP_ANALYSIS = YES;
				CLANG_WARN_STRICT_PROTOTYPES = YES;
				CLANG_WARN_SUSPICIOUS_MOVE = YES;
				CLANG_WARN_UNGUARDED_AVAILABILITY = YES_AGGRESSIVE;
				CLANG_WARN_UNREACHABLE_CODE = YES;
				CLANG_WARN__DUPLICATE_METHOD_MATCH = YES;
				COPY_PHASE_STRIP = NO;
				DEBUG_INFORMATION_FORMAT = dwarf;
				ENABLE_STRICT_OBJC_MSGSEND = YES;
				ENABLE_TESTABILITY = YES;
				ENABLE_USER_SCRIPT_SANDBOXING = YES;
				GCC_C_LANGUAGE_STANDARD = gnu17;
				GCC_DYNAMIC_NO_PIC = NO;
				GCC_NO_COMMON_BLOCKS = YES;
				GCC_OPTIMIZATION_LEVEL = 0;
				GCC_PREPROCESSOR_DEFINITIONS = (
					"DEBUG=1",
					"$(inherited)",
				);
				GCC_WARN_64_TO_32_BIT_CONVERSION = YES;
				GCC_WARN_ABOUT_RETURN_TYPE = YES_ERROR;
				GCC_WARN_UNDECLARED_SELECTOR = YES;
				GCC_WARN_UNINITIALIZED_AUTOS = YES_AGGRESSIVE;
				GCC_WARN_UNUSED_FUNCTION = YES;
				GCC_WARN_UNUSED_VARIABLE = YES;
				IPHONEOS_DEPLOYMENT_TARGET = 16.0;
				LOCALIZATION_PREFERS_STRING_CATALOGS = YES;
				MTL_ENABLE_DEBUG_INFO = INCLUDE_SOURCE;
				MTL_FAST_MATH = YES;
				ONLY_ACTIVE_ARCH = YES;
				SDKROOT = iphoneos;
				SWIFT_ACTIVE_COMPILATION_CONDITIONS = "DEBUG $(inherited)";
				SWIFT_OPTIMIZATION_LEVEL = "-Onone";
			};
			name = Debug;
		};
		FB000002 /* Release */ = {
			isa = XCBuildConfiguration;
			buildSettings = {
				ALWAYS_SEARCH_USER_PATHS = NO;
				ASSETCATALOG_COMPILER_GENERATE_SWIFT_ASSET_SYMBOL_EXTENSIONS = YES;
				CLANG_ANALYZER_NONNULL = YES;
				CLANG_ANALYZER_NUMBER_OBJECT_CONVERSION = YES_AGGRESSIVE;
				CLANG_CXX_LANGUAGE_STANDARD = "gnu++20";
				CLANG_ENABLE_MODULES = YES;
				CLANG_ENABLE_OBJC_ARC = YES;
				CLANG_ENABLE_OBJC_WEAK = YES;
				CLANG_WARN_BLOCK_CAPTURE_AUTORELEASING = YES;
				CLANG_WARN_BOOL_CONVERSION = YES;
				CLANG_WARN_COMMA = YES;
				CLANG_WARN_CONSTANT_CONVERSION = YES;
				CLANG_WARN_DEPRECATED_OBJC_IMPLEMENTATIONS = YES;
				CLANG_WARN_DIRECT_OBJC_ISA_USAGE = YES_ERROR;
				CLANG_WARN_DOCUMENTATION_COMMENTS = YES;
				CLANG_WARN_EMPTY_BODY = YES;
				CLANG_WARN_ENUM_CONVERSION = YES;
				CLANG_WARN_INFINITE_RECURSION = YES;
				CLANG_WARN_INT_CONVERSION = YES;
				CLANG_WARN_NON_LITERAL_NULL_CONVERSION = YES;
				CLANG_WARN_OBJC_IMPLICIT_RETAIN_SELF = YES;
				CLANG_WARN_OBJC_LITERAL_CONVERSION = YES;
				CLANG_WARN_OBJC_ROOT_CLASS = YES_ERROR;
				CLANG_WARN_QUOTED_INCLUDE_IN_FRAMEWORK_HEADER = YES;
				CLANG_WARN_RANGE_LOOP_ANALYSIS = YES;
				CLANG_WARN_STRICT_PROTOTYPES = YES;
				CLANG_WARN_SUSPICIOUS_MOVE = YES;
				CLANG_WARN_UNGUARDED_AVAILABILITY = YES_AGGRESSIVE;
				CLANG_WARN_UNREACHABLE_CODE = YES;
				CLANG_WARN__DUPLICATE_METHOD_MATCH = YES;
				COPY_PHASE_STRIP = NO;
				DEBUG_INFORMATION_FORMAT = "dwarf-with-dsym";
				ENABLE_NS_ASSERTIONS = NO;
				ENABLE_STRICT_OBJC_MSGSEND = YES;
				ENABLE_USER_SCRIPT_SANDBOXING = YES;
				GCC_C_LANGUAGE_STANDARD = gnu17;
				GCC_NO_COMMON_BLOCKS = YES;
				GCC_WARN_64_TO_32_BIT_CONVERSION = YES;
				GCC_WARN_ABOUT_RETURN_TYPE = YES_ERROR;
				GCC_WARN_UNDECLARED_SELECTOR = YES;
				GCC_WARN_UNINITIALIZED_AUTOS = YES_AGGRESSIVE;
				GCC_WARN_UNUSED_FUNCTION = YES;
				GCC_WARN_UNUSED_VARIABLE = YES;
				IPHONEOS_DEPLOYMENT_TARGET = 16.0;
				LOCALIZATION_PREFERS_STRING_CATALOGS = YES;
				MTL_ENABLE_DEBUG_INFO = NO;
				MTL_FAST_MATH = YES;
				SDKROOT = iphoneos;
				SWIFT_COMPILATION_MODE = wholemodule;
				VALIDATE_PRODUCT = YES;
			};
			name = Release;
		};
		FC000001 /* Debug */ = {
			isa = XCBuildConfiguration;
			buildSettings = {
				ASSETCATALOG_COMPILER_APPICON_NAME = AppIcon;
				ASSETCATALOG_COMPILER_GLOBAL_ACCENT_COLOR_NAME = AccentColor;
				CODE_SIGN_STYLE = Automatic;
				CURRENT_PROJECT_VERSION = 1;
				DEVELOPMENT_TEAM = "";
				ENABLE_PREVIEWS = YES;
				GENERATE_INFOPLIST_FILE = YES;
				INFOPLIST_FILE = HealthBridge/Info.plist;
				INFOPLIST_KEY_CFBundleDisplayName = HealthBridge;
				INFOPLIST_KEY_LSApplicationCategoryType = "public.app-category.healthcare-fitness";
				INFOPLIST_KEY_UIApplicationSceneManifest_Generation = YES;
				INFOPLIST_KEY_UIApplicationSupportsIndirectInputEvents = YES;
				INFOPLIST_KEY_UILaunchScreen_Generation = YES;
				INFOPLIST_KEY_UISupportedInterfaceOrientations_iPad = "UIInterfaceOrientationPortrait UIInterfaceOrientationPortraitUpsideDown UIInterfaceOrientationLandscapeLeft UIInterfaceOrientationLandscapeRight";
				INFOPLIST_KEY_UISupportedInterfaceOrientations_iPhone = "UIInterfaceOrientationPortrait UIInterfaceOrientationLandscapeLeft UIInterfaceOrientationLandscapeRight";
				LD_RUNPATH_SEARCH_PATHS = (
					"$(inherited)",
					"@executable_path/Frameworks",
				);
				MARKETING_VERSION = 1.0;
				PRODUCT_BUNDLE_IDENTIFIER = com.healthbridge.app;
				PRODUCT_NAME = "$(TARGET_NAME)";
				SWIFT_EMIT_LOC_STRINGS = YES;
				SWIFT_VERSION = 5.0;
				TARGETED_DEVICE_FAMILY = "1,2";
			};
			name = Debug;
		};
		FC000002 /* Release */ = {
			isa = XCBuildConfiguration;
			buildSettings = {
				ASSETCATALOG_COMPILER_APPICON_NAME = AppIcon;
				ASSETCATALOG_COMPILER_GLOBAL_ACCENT_COLOR_NAME = AccentColor;
				CODE_SIGN_STYLE = Automatic;
				CURRENT_PROJECT_VERSION = 1;
				DEVELOPMENT_TEAM = "";
				ENABLE_PREVIEWS = YES;
				GENERATE_INFOPLIST_FILE = YES;
				INFOPLIST_FILE = HealthBridge/Info.plist;
				INFOPLIST_KEY_CFBundleDisplayName = HealthBridge;
				INFOPLIST_KEY_LSApplicationCategoryType = "public.app-category.healthcare-fitness";
				INFOPLIST_KEY_UIApplicationSceneManifest_Generation = YES;
				INFOPLIST_KEY_UIApplicationSupportsIndirectInputEvents = YES;
				INFOPLIST_KEY_UILaunchScreen_Generation = YES;
				INFOPLIST_KEY_UISupportedInterfaceOrientations_iPad = "UIInterfaceOrientationPortrait UIInterfaceOrientationPortraitUpsideDown UIInterfaceOrientationLandscapeLeft UIInterfaceOrientationLandscapeRight";
				INFOPLIST_KEY_UISupportedInterfaceOrientations_iPhone = "UIInterfaceOrientationPortrait UIInterfaceOrientationLandscapeLeft UIInterfaceOrientationLandscapeRight";
				LD_RUNPATH_SEARCH_PATHS = (
					"$(inherited)",
					"@executable_path/Frameworks",
				);
				MARKETING_VERSION = 1.0;
				PRODUCT_BUNDLE_IDENTIFIER = com.healthbridge.app;
				PRODUCT_NAME = "$(TARGET_NAME)";
				SWIFT_EMIT_LOC_STRINGS = YES;
				SWIFT_VERSION = 5.0;
				TARGETED_DEVICE_FAMILY = "1,2";
			};
			name = Release;
		};
/* End XCBuildConfiguration section */

/* Begin XCConfigurationList section */
		FA000001 /* Build configuration list for PBXProject "HealthBridge" */ = {
			isa = XCConfigurationList;
			buildConfigurations = (
				FB000001 /* Debug */,
				FB000002 /* Release */,
			);
			defaultConfigurationIsVisible = 0;
			defaultConfigurationName = Release;
		};
		F8000001 /* Build configuration list for PBXNativeTarget "HealthBridge" */ = {
			isa = XCConfigurationList;
			buildConfigurations = (
				FC000001 /* Debug */,
				FC000002 /* Release */,
			);
			defaultConfigurationIsVisible = 0;
			defaultConfigurationName = Release;
		};
/* End XCConfigurationList section */

	};
	rootObject = F9000001 /* Project object */;
}
